
Microsoft Visual Studio Solution File, Format Version 12.00
# Visual Studio Version 16
VisualStudioVersion = 16.0.31005.135
MinimumVisualStudioVersion = 10.0.40219.1
Project("{FAE04EC0-301F-11D3-BF4B-00C04F79EFBC}") = "Crawler", "Crawler.csproj", "{36C6946C-F2A3-4A38-AD0C-4FF490B05EBE}"
EndProject
Global
	GlobalSection(SolutionConfigurationPlatforms) = preSolution
		Debug|Any CPU = Debug|Any CPU
		Release|Any CPU = Release|Any CPU
	EndGlobalSection
	GlobalSection(ProjectConfigurationPlatforms) = postSolution
		{36C6946C-F2A3-4A38-AD0C-4FF490B05EBE}.Debug|Any CPU.ActiveCfg = Debug|Any CPU
		{36C6946C-F2A3-4A38-AD0C-4FF490B05EBE}.Debug|Any CPU.Build.0 = Debug|Any CPU
		{36C6946C-F2A3-4A38-AD0C-4FF490B05EBE}.Release|Any CPU.ActiveCfg = Release|Any CPU
		{36C6946C-F2A3-4A38-AD0C-4FF490B05EBE}.Release|Any CPU.Build.0 = Release|Any CPU
	EndGlobalSection
	GlobalSection(SolutionProperties) = preSolution
		HideSolutionNode = FALSE
	EndGlobalSection
	GlobalSection(ExtensibilityGlobals) = postSolution
		SolutionGuid = {D6EE21C9-F8A2-4925-92DB-5ADA2CA0E0BD}
	EndGlobalSection
EndGlobal
